
Microsoft Visual Studio Solution File, Format Version 12.00
# Visual Studio Version 16
VisualStudioVersion = 16.0.31605.320
MinimumVisualStudioVersion = 10.0.40219.1
Project("{FAE04EC0-301F-11D3-BF4B-00C04F79EFBC}") = "Algoritmo19", "Algoritmo19.csproj", "{98E38EBC-8D6D-4FD7-87D5-E8AB0F290F4C}"
EndProject
Global
	GlobalSection(SolutionConfigurationPlatforms) = preSolution
		Debug|Any CPU = Debug|Any CPU
		Release|Any CPU = Release|Any CPU
	EndGlobalSection
	GlobalSection(ProjectConfigurationPlatforms) = postSolution
		{98E38EBC-8D6D-4FD7-87D5-E8AB0F290F4C}.Debug|Any CPU.ActiveCfg = Debug|Any CPU
		{98E38EBC-8D6D-4FD7-87D5-E8AB0F290F4C}.Debug|Any CPU.Build.0 = Debug|Any CPU
		{98E38EBC-8D6D-4FD7-87D5-E8AB0F290F4C}.Release|Any CPU.ActiveCfg = Release|Any CPU
		{98E38EBC-8D6D-4FD7-87D5-E8AB0F290F4C}.Release|Any CPU.Build.0 = Release|Any CPU
	EndGlobalSection
	GlobalSection(SolutionProperties) = preSolution
		HideSolutionNode = FALSE
	EndGlobalSection
	GlobalSection(ExtensibilityGlobals) = postSolution
		SolutionGuid = {A66F3C1E-5CA2-4CD8-A880-7666183342C4}
	EndGlobalSection
EndGlobal
