
Microsoft Visual Studio Solution File, Format Version 12.00
# Visual Studio Version 17
VisualStudioVersion = 17.0.31808.319
MinimumVisualStudioVersion = 10.0.40219.1
Project("{FAE04EC0-301F-11D3-BF4B-00C04F79EFBC}") = "Algoritmo6", "Algoritmo6\Algoritmo6.csproj", "{E0233031-A74C-466C-91EE-C01AAD2052C1}"
EndProject
Global
	GlobalSection(SolutionConfigurationPlatforms) = preSolution
		Debug|Any CPU = Debug|Any CPU
		Release|Any CPU = Release|Any CPU
	EndGlobalSection
	GlobalSection(ProjectConfigurationPlatforms) = postSolution
		{E0233031-A74C-466C-91EE-C01AAD2052C1}.Debug|Any CPU.ActiveCfg = Debug|Any CPU
		{E0233031-A74C-466C-91EE-C01AAD2052C1}.Debug|Any CPU.Build.0 = Debug|Any CPU
		{E0233031-A74C-466C-91EE-C01AAD2052C1}.Release|Any CPU.ActiveCfg = Release|Any CPU
		{E0233031-A74C-466C-91EE-C01AAD2052C1}.Release|Any CPU.Build.0 = Release|Any CPU
	EndGlobalSection
	GlobalSection(SolutionProperties) = preSolution
		HideSolutionNode = FALSE
	EndGlobalSection
	GlobalSection(ExtensibilityGlobals) = postSolution
		SolutionGuid = {8E391D9C-E359-47E0-A19C-34C3E0A4864E}
	EndGlobalSection
EndGlobal
